
Microsoft Visual Studio Solution File, Format Version 12.00
# Visual Studio Version 16
VisualStudioVersion = 16.0.30204.135
MinimumVisualStudioVersion = 10.0.40219.1
Project("{8BC9CEB8-8B4A-11D0-8D11-00A0C91BC942}") = "Inheritanse", "Inheritanse\Inheritanse.vcxproj", "{A5E62F8F-CF53-4CB9-867B-E8DB871483B9}"
EndProject
Project("{8BC9CEB8-8B4A-11D0-8D11-00A0C91BC942}") = "Passport", "Passport\Passport.vcxproj", "{3A5F81F7-7CF2-40A5-8B9A-79309114D2C7}"
EndProject
Global
	GlobalSection(SolutionConfigurationPlatforms) = preSolution
		Debug|x64 = Debug|x64
		Debug|x86 = Debug|x86
		Release|x64 = Release|x64
		Release|x86 = Release|x86
	EndGlobalSection
	GlobalSection(ProjectConfigurationPlatforms) = postSolution
		{A5E62F8F-CF53-4CB9-867B-E8DB871483B9}.Debug|x64.ActiveCfg = Debug|x64
		{A5E62F8F-CF53-4CB9-867B-E8DB871483B9}.Debug|x64.Build.0 = Debug|x64
		{A5E62F8F-CF53-4CB9-867B-E8DB871483B9}.Debug|x86.ActiveCfg = Debug|Win32
		{A5E62F8F-CF53-4CB9-867B-E8DB871483B9}.Debug|x86.Build.0 = Debug|Win32
		{A5E62F8F-CF53-4CB9-867B-E8DB871483B9}.Release|x64.ActiveCfg = Release|x64
		{A5E62F8F-CF53-4CB9-867B-E8DB871483B9}.Release|x64.Build.0 = Release|x64
		{A5E62F8F-CF53-4CB9-867B-E8DB871483B9}.Release|x86.ActiveCfg = Release|Win32
		{A5E62F8F-CF53-4CB9-867B-E8DB871483B9}.Release|x86.Build.0 = Release|Win32
		{3A5F81F7-7CF2-40A5-8B9A-79309114D2C7}.Debug|x64.ActiveCfg = Debug|x64
		{3A5F81F7-7CF2-40A5-8B9A-79309114D2C7}.Debug|x64.Build.0 = Debug|x64
		{3A5F81F7-7CF2-40A5-8B9A-79309114D2C7}.Debug|x86.ActiveCfg = Debug|Win32
		{3A5F81F7-7CF2-40A5-8B9A-79309114D2C7}.Debug|x86.Build.0 = Debug|Win32
		{3A5F81F7-7CF2-40A5-8B9A-79309114D2C7}.Release|x64.ActiveCfg = Release|x64
		{3A5F81F7-7CF2-40A5-8B9A-79309114D2C7}.Release|x64.Build.0 = Release|x64
		{3A5F81F7-7CF2-40A5-8B9A-79309114D2C7}.Release|x86.ActiveCfg = Release|Win32
		{3A5F81F7-7CF2-40A5-8B9A-79309114D2C7}.Release|x86.Build.0 = Release|Win32
	EndGlobalSection
	GlobalSection(SolutionProperties) = preSolution
		HideSolutionNode = FALSE
	EndGlobalSection
	GlobalSection(ExtensibilityGlobals) = postSolution
		SolutionGuid = {DBF4648F-D052-4F89-9FA7-F3218817B8A4}
	EndGlobalSection
EndGlobal
